
Microsoft Visual Studio Solution File, Format Version 12.00
# Visual Studio 2012
Project("{FAE04EC0-301F-11D3-BF4B-00C04F79EFBC}") = "UITableView6", "UITableView6\UITableView6.csproj", "{1590079F-593A-4BC4-BAA3-4A16812255BB}"
EndProject
Global
	GlobalSection(SolutionConfigurationPlatforms) = preSolution
		Debug|iPhoneSimulator = Debug|iPhoneSimulator
		Release|iPhone = Release|iPhone
		Release|iPhoneSimulator = Release|iPhoneSimulator
		Debug|iPhone = Debug|iPhone
	EndGlobalSection
	GlobalSection(ProjectConfigurationPlatforms) = postSolution
		{1590079F-593A-4BC4-BAA3-4A16812255BB}.Debug|iPhoneSimulator.ActiveCfg = Debug|iPhoneSimulator
		{1590079F-593A-4BC4-BAA3-4A16812255BB}.Debug|iPhoneSimulator.Build.0 = Debug|iPhoneSimulator
		{1590079F-593A-4BC4-BAA3-4A16812255BB}.Release|iPhone.ActiveCfg = Release|iPhone
		{1590079F-593A-4BC4-BAA3-4A16812255BB}.Release|iPhone.Build.0 = Release|iPhone
		{1590079F-593A-4BC4-BAA3-4A16812255BB}.Release|iPhoneSimulator.ActiveCfg = Release|iPhoneSimulator
		{1590079F-593A-4BC4-BAA3-4A16812255BB}.Release|iPhoneSimulator.Build.0 = Release|iPhoneSimulator
		{1590079F-593A-4BC4-BAA3-4A16812255BB}.Debug|iPhone.ActiveCfg = Debug|iPhone
		{1590079F-593A-4BC4-BAA3-4A16812255BB}.Debug|iPhone.Build.0 = Debug|iPhone
	EndGlobalSection
EndGlobal
