
Microsoft Visual Studio Solution File, Format Version 12.00
# Visual Studio 2012
Project("{FAE04EC0-301F-11D3-BF4B-00C04F79EFBC}") = "Mapa1", "Mapa1\Mapa1.csproj", "{D6D8AB44-24B4-4C7C-8975-51D4D02D1203}"
EndProject
Global
	GlobalSection(SolutionConfigurationPlatforms) = preSolution
		Debug|iPhoneSimulator = Debug|iPhoneSimulator
		Release|iPhone = Release|iPhone
		Release|iPhoneSimulator = Release|iPhoneSimulator
		Debug|iPhone = Debug|iPhone
	EndGlobalSection
	GlobalSection(ProjectConfigurationPlatforms) = postSolution
		{D6D8AB44-24B4-4C7C-8975-51D4D02D1203}.Debug|iPhoneSimulator.ActiveCfg = Debug|iPhoneSimulator
		{D6D8AB44-24B4-4C7C-8975-51D4D02D1203}.Debug|iPhoneSimulator.Build.0 = Debug|iPhoneSimulator
		{D6D8AB44-24B4-4C7C-8975-51D4D02D1203}.Release|iPhone.ActiveCfg = Release|iPhone
		{D6D8AB44-24B4-4C7C-8975-51D4D02D1203}.Release|iPhone.Build.0 = Release|iPhone
		{D6D8AB44-24B4-4C7C-8975-51D4D02D1203}.Release|iPhoneSimulator.ActiveCfg = Release|iPhoneSimulator
		{D6D8AB44-24B4-4C7C-8975-51D4D02D1203}.Release|iPhoneSimulator.Build.0 = Release|iPhoneSimulator
		{D6D8AB44-24B4-4C7C-8975-51D4D02D1203}.Debug|iPhone.ActiveCfg = Debug|iPhone
		{D6D8AB44-24B4-4C7C-8975-51D4D02D1203}.Debug|iPhone.Build.0 = Debug|iPhone
	EndGlobalSection
EndGlobal
