
Microsoft Visual Studio Solution File, Format Version 12.00
# Visual Studio 2012
Project("{FAE04EC0-301F-11D3-BF4B-00C04F79EFBC}") = "UIScrollView1", "UIScrollView1\UIScrollView1.csproj", "{32702D4C-B4B4-494F-A0B1-0180C50582BF}"
EndProject
Global
	GlobalSection(SolutionConfigurationPlatforms) = preSolution
		Debug|iPhoneSimulator = Debug|iPhoneSimulator
		Release|iPhone = Release|iPhone
		Release|iPhoneSimulator = Release|iPhoneSimulator
		Debug|iPhone = Debug|iPhone
	EndGlobalSection
	GlobalSection(ProjectConfigurationPlatforms) = postSolution
		{32702D4C-B4B4-494F-A0B1-0180C50582BF}.Debug|iPhoneSimulator.ActiveCfg = Debug|iPhoneSimulator
		{32702D4C-B4B4-494F-A0B1-0180C50582BF}.Debug|iPhoneSimulator.Build.0 = Debug|iPhoneSimulator
		{32702D4C-B4B4-494F-A0B1-0180C50582BF}.Release|iPhone.ActiveCfg = Release|iPhone
		{32702D4C-B4B4-494F-A0B1-0180C50582BF}.Release|iPhone.Build.0 = Release|iPhone
		{32702D4C-B4B4-494F-A0B1-0180C50582BF}.Release|iPhoneSimulator.ActiveCfg = Release|iPhoneSimulator
		{32702D4C-B4B4-494F-A0B1-0180C50582BF}.Release|iPhoneSimulator.Build.0 = Release|iPhoneSimulator
		{32702D4C-B4B4-494F-A0B1-0180C50582BF}.Debug|iPhone.ActiveCfg = Debug|iPhone
		{32702D4C-B4B4-494F-A0B1-0180C50582BF}.Debug|iPhone.Build.0 = Debug|iPhone
	EndGlobalSection
EndGlobal
