
Microsoft Visual Studio Solution File, Format Version 12.00
# Visual Studio 2012
Project("{FAE04EC0-301F-11D3-BF4B-00C04F79EFBC}") = "Mapa2", "Mapa2\Mapa2.csproj", "{2F284367-CD00-48C5-9486-BD9ECB0D60B2}"
EndProject
Global
	GlobalSection(SolutionConfigurationPlatforms) = preSolution
		Debug|iPhoneSimulator = Debug|iPhoneSimulator
		Release|iPhone = Release|iPhone
		Release|iPhoneSimulator = Release|iPhoneSimulator
		Debug|iPhone = Debug|iPhone
	EndGlobalSection
	GlobalSection(ProjectConfigurationPlatforms) = postSolution
		{2F284367-CD00-48C5-9486-BD9ECB0D60B2}.Debug|iPhoneSimulator.ActiveCfg = Debug|iPhoneSimulator
		{2F284367-CD00-48C5-9486-BD9ECB0D60B2}.Debug|iPhoneSimulator.Build.0 = Debug|iPhoneSimulator
		{2F284367-CD00-48C5-9486-BD9ECB0D60B2}.Release|iPhone.ActiveCfg = Release|iPhone
		{2F284367-CD00-48C5-9486-BD9ECB0D60B2}.Release|iPhone.Build.0 = Release|iPhone
		{2F284367-CD00-48C5-9486-BD9ECB0D60B2}.Release|iPhoneSimulator.ActiveCfg = Release|iPhoneSimulator
		{2F284367-CD00-48C5-9486-BD9ECB0D60B2}.Release|iPhoneSimulator.Build.0 = Release|iPhoneSimulator
		{2F284367-CD00-48C5-9486-BD9ECB0D60B2}.Debug|iPhone.ActiveCfg = Debug|iPhone
		{2F284367-CD00-48C5-9486-BD9ECB0D60B2}.Debug|iPhone.Build.0 = Debug|iPhone
	EndGlobalSection
EndGlobal
