
Microsoft Visual Studio Solution File, Format Version 12.00
# Visual Studio 2012
Project("{FAE04EC0-301F-11D3-BF4B-00C04F79EFBC}") = "UITableView1", "UITableView1\UITableView1.csproj", "{4E8F97A9-A08F-4059-916C-DC97FD0D3B25}"
EndProject
Global
	GlobalSection(SolutionConfigurationPlatforms) = preSolution
		Debug|iPhoneSimulator = Debug|iPhoneSimulator
		Release|iPhone = Release|iPhone
		Release|iPhoneSimulator = Release|iPhoneSimulator
		Debug|iPhone = Debug|iPhone
	EndGlobalSection
	GlobalSection(ProjectConfigurationPlatforms) = postSolution
		{4E8F97A9-A08F-4059-916C-DC97FD0D3B25}.Debug|iPhoneSimulator.ActiveCfg = Debug|iPhoneSimulator
		{4E8F97A9-A08F-4059-916C-DC97FD0D3B25}.Debug|iPhoneSimulator.Build.0 = Debug|iPhoneSimulator
		{4E8F97A9-A08F-4059-916C-DC97FD0D3B25}.Release|iPhone.ActiveCfg = Release|iPhone
		{4E8F97A9-A08F-4059-916C-DC97FD0D3B25}.Release|iPhone.Build.0 = Release|iPhone
		{4E8F97A9-A08F-4059-916C-DC97FD0D3B25}.Release|iPhoneSimulator.ActiveCfg = Release|iPhoneSimulator
		{4E8F97A9-A08F-4059-916C-DC97FD0D3B25}.Release|iPhoneSimulator.Build.0 = Release|iPhoneSimulator
		{4E8F97A9-A08F-4059-916C-DC97FD0D3B25}.Debug|iPhone.ActiveCfg = Debug|iPhone
		{4E8F97A9-A08F-4059-916C-DC97FD0D3B25}.Debug|iPhone.Build.0 = Debug|iPhone
	EndGlobalSection
EndGlobal
