
Microsoft Visual Studio Solution File, Format Version 12.00
# Visual Studio 2012
Project("{FAE04EC0-301F-11D3-BF4B-00C04F79EFBC}") = "AVPlayerViewController2", "AVPlayerViewController2\AVPlayerViewController2.csproj", "{E7DB1EC2-76CF-4C9C-9389-440D3D9E65E1}"
EndProject
Global
	GlobalSection(SolutionConfigurationPlatforms) = preSolution
		Debug|iPhoneSimulator = Debug|iPhoneSimulator
		Release|iPhone = Release|iPhone
		Release|iPhoneSimulator = Release|iPhoneSimulator
		Debug|iPhone = Debug|iPhone
	EndGlobalSection
	GlobalSection(ProjectConfigurationPlatforms) = postSolution
		{E7DB1EC2-76CF-4C9C-9389-440D3D9E65E1}.Debug|iPhoneSimulator.ActiveCfg = Debug|iPhoneSimulator
		{E7DB1EC2-76CF-4C9C-9389-440D3D9E65E1}.Debug|iPhoneSimulator.Build.0 = Debug|iPhoneSimulator
		{E7DB1EC2-76CF-4C9C-9389-440D3D9E65E1}.Release|iPhone.ActiveCfg = Release|iPhone
		{E7DB1EC2-76CF-4C9C-9389-440D3D9E65E1}.Release|iPhone.Build.0 = Release|iPhone
		{E7DB1EC2-76CF-4C9C-9389-440D3D9E65E1}.Release|iPhoneSimulator.ActiveCfg = Release|iPhoneSimulator
		{E7DB1EC2-76CF-4C9C-9389-440D3D9E65E1}.Release|iPhoneSimulator.Build.0 = Release|iPhoneSimulator
		{E7DB1EC2-76CF-4C9C-9389-440D3D9E65E1}.Debug|iPhone.ActiveCfg = Debug|iPhone
		{E7DB1EC2-76CF-4C9C-9389-440D3D9E65E1}.Debug|iPhone.Build.0 = Debug|iPhone
	EndGlobalSection
EndGlobal
