
Microsoft Visual Studio Solution File, Format Version 12.00
# Visual Studio 2012
Project("{FAE04EC0-301F-11D3-BF4B-00C04F79EFBC}") = "UITabBar2", "UITabBar2\UITabBar2.csproj", "{53E08C5C-476E-4E93-A7C5-25C42F2F218E}"
EndProject
Global
	GlobalSection(SolutionConfigurationPlatforms) = preSolution
		Debug|iPhoneSimulator = Debug|iPhoneSimulator
		Release|iPhone = Release|iPhone
		Release|iPhoneSimulator = Release|iPhoneSimulator
		Debug|iPhone = Debug|iPhone
	EndGlobalSection
	GlobalSection(ProjectConfigurationPlatforms) = postSolution
		{53E08C5C-476E-4E93-A7C5-25C42F2F218E}.Debug|iPhoneSimulator.ActiveCfg = Debug|iPhoneSimulator
		{53E08C5C-476E-4E93-A7C5-25C42F2F218E}.Debug|iPhoneSimulator.Build.0 = Debug|iPhoneSimulator
		{53E08C5C-476E-4E93-A7C5-25C42F2F218E}.Release|iPhone.ActiveCfg = Release|iPhone
		{53E08C5C-476E-4E93-A7C5-25C42F2F218E}.Release|iPhone.Build.0 = Release|iPhone
		{53E08C5C-476E-4E93-A7C5-25C42F2F218E}.Release|iPhoneSimulator.ActiveCfg = Release|iPhoneSimulator
		{53E08C5C-476E-4E93-A7C5-25C42F2F218E}.Release|iPhoneSimulator.Build.0 = Release|iPhoneSimulator
		{53E08C5C-476E-4E93-A7C5-25C42F2F218E}.Debug|iPhone.ActiveCfg = Debug|iPhone
		{53E08C5C-476E-4E93-A7C5-25C42F2F218E}.Debug|iPhone.Build.0 = Debug|iPhone
	EndGlobalSection
EndGlobal
