
Microsoft Visual Studio Solution File, Format Version 12.00
# Visual Studio 2012
Project("{FAE04EC0-301F-11D3-BF4B-00C04F79EFBC}") = "UINavigationController2", "UINavigationController2\UINavigationController2.csproj", "{190ED0BA-82A3-4E8B-87B2-D7826779B5C2}"
EndProject
Global
	GlobalSection(SolutionConfigurationPlatforms) = preSolution
		Debug|iPhoneSimulator = Debug|iPhoneSimulator
		Release|iPhone = Release|iPhone
		Release|iPhoneSimulator = Release|iPhoneSimulator
		Debug|iPhone = Debug|iPhone
	EndGlobalSection
	GlobalSection(ProjectConfigurationPlatforms) = postSolution
		{190ED0BA-82A3-4E8B-87B2-D7826779B5C2}.Debug|iPhoneSimulator.ActiveCfg = Debug|iPhoneSimulator
		{190ED0BA-82A3-4E8B-87B2-D7826779B5C2}.Debug|iPhoneSimulator.Build.0 = Debug|iPhoneSimulator
		{190ED0BA-82A3-4E8B-87B2-D7826779B5C2}.Release|iPhone.ActiveCfg = Release|iPhone
		{190ED0BA-82A3-4E8B-87B2-D7826779B5C2}.Release|iPhone.Build.0 = Release|iPhone
		{190ED0BA-82A3-4E8B-87B2-D7826779B5C2}.Release|iPhoneSimulator.ActiveCfg = Release|iPhoneSimulator
		{190ED0BA-82A3-4E8B-87B2-D7826779B5C2}.Release|iPhoneSimulator.Build.0 = Release|iPhoneSimulator
		{190ED0BA-82A3-4E8B-87B2-D7826779B5C2}.Debug|iPhone.ActiveCfg = Debug|iPhone
		{190ED0BA-82A3-4E8B-87B2-D7826779B5C2}.Debug|iPhone.Build.0 = Debug|iPhone
	EndGlobalSection
EndGlobal
