
Microsoft Visual Studio Solution File, Format Version 12.00
# Visual Studio 2012
Project("{FAE04EC0-301F-11D3-BF4B-00C04F79EFBC}") = "GestureRecognizer1", "GestureRecognizer1\GestureRecognizer1.csproj", "{05879636-C220-44B7-BE96-2AD4B0E58815}"
EndProject
Global
	GlobalSection(SolutionConfigurationPlatforms) = preSolution
		Debug|iPhoneSimulator = Debug|iPhoneSimulator
		Release|iPhone = Release|iPhone
		Release|iPhoneSimulator = Release|iPhoneSimulator
		Debug|iPhone = Debug|iPhone
	EndGlobalSection
	GlobalSection(ProjectConfigurationPlatforms) = postSolution
		{05879636-C220-44B7-BE96-2AD4B0E58815}.Debug|iPhoneSimulator.ActiveCfg = Debug|iPhoneSimulator
		{05879636-C220-44B7-BE96-2AD4B0E58815}.Debug|iPhoneSimulator.Build.0 = Debug|iPhoneSimulator
		{05879636-C220-44B7-BE96-2AD4B0E58815}.Release|iPhone.ActiveCfg = Release|iPhone
		{05879636-C220-44B7-BE96-2AD4B0E58815}.Release|iPhone.Build.0 = Release|iPhone
		{05879636-C220-44B7-BE96-2AD4B0E58815}.Release|iPhoneSimulator.ActiveCfg = Release|iPhoneSimulator
		{05879636-C220-44B7-BE96-2AD4B0E58815}.Release|iPhoneSimulator.Build.0 = Release|iPhoneSimulator
		{05879636-C220-44B7-BE96-2AD4B0E58815}.Debug|iPhone.ActiveCfg = Debug|iPhone
		{05879636-C220-44B7-BE96-2AD4B0E58815}.Debug|iPhone.Build.0 = Debug|iPhone
	EndGlobalSection
EndGlobal
