
Microsoft Visual Studio Solution File, Format Version 12.00
# Visual Studio 2012
Project("{FAE04EC0-301F-11D3-BF4B-00C04F79EFBC}") = "CollectionViewWithControllerDemo2", "CollectionViewWithControllerDemo2\CollectionViewWithControllerDemo2.csproj", "{BCD0DD6A-2813-482E-9B6D-67C481058007}"
EndProject
Global
	GlobalSection(SolutionConfigurationPlatforms) = preSolution
		Debug|iPhoneSimulator = Debug|iPhoneSimulator
		Release|iPhone = Release|iPhone
		Release|iPhoneSimulator = Release|iPhoneSimulator
		Debug|iPhone = Debug|iPhone
	EndGlobalSection
	GlobalSection(ProjectConfigurationPlatforms) = postSolution
		{BCD0DD6A-2813-482E-9B6D-67C481058007}.Debug|iPhoneSimulator.ActiveCfg = Debug|iPhoneSimulator
		{BCD0DD6A-2813-482E-9B6D-67C481058007}.Debug|iPhoneSimulator.Build.0 = Debug|iPhoneSimulator
		{BCD0DD6A-2813-482E-9B6D-67C481058007}.Release|iPhone.ActiveCfg = Release|iPhone
		{BCD0DD6A-2813-482E-9B6D-67C481058007}.Release|iPhone.Build.0 = Release|iPhone
		{BCD0DD6A-2813-482E-9B6D-67C481058007}.Release|iPhoneSimulator.ActiveCfg = Release|iPhoneSimulator
		{BCD0DD6A-2813-482E-9B6D-67C481058007}.Release|iPhoneSimulator.Build.0 = Release|iPhoneSimulator
		{BCD0DD6A-2813-482E-9B6D-67C481058007}.Debug|iPhone.ActiveCfg = Debug|iPhone
		{BCD0DD6A-2813-482E-9B6D-67C481058007}.Debug|iPhone.Build.0 = Debug|iPhone
	EndGlobalSection
EndGlobal
