
Microsoft Visual Studio Solution File, Format Version 12.00
# Visual Studio 2012
Project("{FAE04EC0-301F-11D3-BF4B-00C04F79EFBC}") = "Alertas", "Alertas\Alertas.csproj", "{54E86CF3-C428-406A-A18B-777546499D8A}"
EndProject
Global
	GlobalSection(SolutionConfigurationPlatforms) = preSolution
		Debug|iPhoneSimulator = Debug|iPhoneSimulator
		Release|iPhone = Release|iPhone
		Release|iPhoneSimulator = Release|iPhoneSimulator
		Debug|iPhone = Debug|iPhone
	EndGlobalSection
	GlobalSection(ProjectConfigurationPlatforms) = postSolution
		{54E86CF3-C428-406A-A18B-777546499D8A}.Debug|iPhoneSimulator.ActiveCfg = Debug|iPhoneSimulator
		{54E86CF3-C428-406A-A18B-777546499D8A}.Debug|iPhoneSimulator.Build.0 = Debug|iPhoneSimulator
		{54E86CF3-C428-406A-A18B-777546499D8A}.Release|iPhone.ActiveCfg = Release|iPhone
		{54E86CF3-C428-406A-A18B-777546499D8A}.Release|iPhone.Build.0 = Release|iPhone
		{54E86CF3-C428-406A-A18B-777546499D8A}.Release|iPhoneSimulator.ActiveCfg = Release|iPhoneSimulator
		{54E86CF3-C428-406A-A18B-777546499D8A}.Release|iPhoneSimulator.Build.0 = Release|iPhoneSimulator
		{54E86CF3-C428-406A-A18B-777546499D8A}.Debug|iPhone.ActiveCfg = Debug|iPhone
		{54E86CF3-C428-406A-A18B-777546499D8A}.Debug|iPhone.Build.0 = Debug|iPhone
	EndGlobalSection
EndGlobal
