
Microsoft Visual Studio Solution File, Format Version 12.00
# Visual Studio 2012
Project("{FAE04EC0-301F-11D3-BF4B-00C04F79EFBC}") = "Mapa4", "Mapa4\Mapa4.csproj", "{6C5A4331-38BE-4BD4-9EF2-3FAB408A2DA5}"
EndProject
Global
	GlobalSection(SolutionConfigurationPlatforms) = preSolution
		Debug|iPhoneSimulator = Debug|iPhoneSimulator
		Release|iPhone = Release|iPhone
		Release|iPhoneSimulator = Release|iPhoneSimulator
		Debug|iPhone = Debug|iPhone
	EndGlobalSection
	GlobalSection(ProjectConfigurationPlatforms) = postSolution
		{6C5A4331-38BE-4BD4-9EF2-3FAB408A2DA5}.Debug|iPhoneSimulator.ActiveCfg = Debug|iPhoneSimulator
		{6C5A4331-38BE-4BD4-9EF2-3FAB408A2DA5}.Debug|iPhoneSimulator.Build.0 = Debug|iPhoneSimulator
		{6C5A4331-38BE-4BD4-9EF2-3FAB408A2DA5}.Release|iPhone.ActiveCfg = Release|iPhone
		{6C5A4331-38BE-4BD4-9EF2-3FAB408A2DA5}.Release|iPhone.Build.0 = Release|iPhone
		{6C5A4331-38BE-4BD4-9EF2-3FAB408A2DA5}.Release|iPhoneSimulator.ActiveCfg = Release|iPhoneSimulator
		{6C5A4331-38BE-4BD4-9EF2-3FAB408A2DA5}.Release|iPhoneSimulator.Build.0 = Release|iPhoneSimulator
		{6C5A4331-38BE-4BD4-9EF2-3FAB408A2DA5}.Debug|iPhone.ActiveCfg = Debug|iPhone
		{6C5A4331-38BE-4BD4-9EF2-3FAB408A2DA5}.Debug|iPhone.Build.0 = Debug|iPhone
	EndGlobalSection
EndGlobal
