
Microsoft Visual Studio Solution File, Format Version 12.00
# Visual Studio 2012
Project("{FAE04EC0-301F-11D3-BF4B-00C04F79EFBC}") = "CollectionViewWithControllerDemo", "CollectionViewWithControllerDemo\CollectionViewWithControllerDemo.csproj", "{B24C4644-1788-4D39-85FD-C7A26DF07572}"
EndProject
Global
	GlobalSection(SolutionConfigurationPlatforms) = preSolution
		Debug|iPhoneSimulator = Debug|iPhoneSimulator
		Release|iPhone = Release|iPhone
		Release|iPhoneSimulator = Release|iPhoneSimulator
		Debug|iPhone = Debug|iPhone
	EndGlobalSection
	GlobalSection(ProjectConfigurationPlatforms) = postSolution
		{B24C4644-1788-4D39-85FD-C7A26DF07572}.Debug|iPhoneSimulator.ActiveCfg = Debug|iPhoneSimulator
		{B24C4644-1788-4D39-85FD-C7A26DF07572}.Debug|iPhoneSimulator.Build.0 = Debug|iPhoneSimulator
		{B24C4644-1788-4D39-85FD-C7A26DF07572}.Release|iPhone.ActiveCfg = Release|iPhone
		{B24C4644-1788-4D39-85FD-C7A26DF07572}.Release|iPhone.Build.0 = Release|iPhone
		{B24C4644-1788-4D39-85FD-C7A26DF07572}.Release|iPhoneSimulator.ActiveCfg = Release|iPhoneSimulator
		{B24C4644-1788-4D39-85FD-C7A26DF07572}.Release|iPhoneSimulator.Build.0 = Release|iPhoneSimulator
		{B24C4644-1788-4D39-85FD-C7A26DF07572}.Debug|iPhone.ActiveCfg = Debug|iPhone
		{B24C4644-1788-4D39-85FD-C7A26DF07572}.Debug|iPhone.Build.0 = Debug|iPhone
	EndGlobalSection
EndGlobal
