
Microsoft Visual Studio Solution File, Format Version 12.00
# Visual Studio 2012
Project("{FAE04EC0-301F-11D3-BF4B-00C04F79EFBC}") = "UINavigationController3", "UINavigationController3\UINavigationController3.csproj", "{A7BAC425-E505-49CD-B690-6C1B36E088B7}"
EndProject
Global
	GlobalSection(SolutionConfigurationPlatforms) = preSolution
		Debug|iPhoneSimulator = Debug|iPhoneSimulator
		Release|iPhone = Release|iPhone
		Release|iPhoneSimulator = Release|iPhoneSimulator
		Debug|iPhone = Debug|iPhone
	EndGlobalSection
	GlobalSection(ProjectConfigurationPlatforms) = postSolution
		{A7BAC425-E505-49CD-B690-6C1B36E088B7}.Debug|iPhoneSimulator.ActiveCfg = Debug|iPhoneSimulator
		{A7BAC425-E505-49CD-B690-6C1B36E088B7}.Debug|iPhoneSimulator.Build.0 = Debug|iPhoneSimulator
		{A7BAC425-E505-49CD-B690-6C1B36E088B7}.Release|iPhone.ActiveCfg = Release|iPhone
		{A7BAC425-E505-49CD-B690-6C1B36E088B7}.Release|iPhone.Build.0 = Release|iPhone
		{A7BAC425-E505-49CD-B690-6C1B36E088B7}.Release|iPhoneSimulator.ActiveCfg = Release|iPhoneSimulator
		{A7BAC425-E505-49CD-B690-6C1B36E088B7}.Release|iPhoneSimulator.Build.0 = Release|iPhoneSimulator
		{A7BAC425-E505-49CD-B690-6C1B36E088B7}.Debug|iPhone.ActiveCfg = Debug|iPhone
		{A7BAC425-E505-49CD-B690-6C1B36E088B7}.Debug|iPhone.Build.0 = Debug|iPhone
	EndGlobalSection
EndGlobal
